PODS:
  - ChameleonFramework/Default (2.1.0)
  - ChameleonFramework/Swift (2.1.0):
    - ChameleonFramework/Default
  - Eureka (2.0.1)

DEPENDENCIES:
  - ChameleonFramework/Swift (from `https://github.com/ViccAlexander/Chameleon.git`)
  - Eureka (from `https://github.com/xmartlabs/Eureka.git`, tag `2.0.1`)

EXTERNAL SOURCES:
  ChameleonFramework:
    :git: https://github.com/ViccAlexander/Chameleon.git
  Eureka:
    :git: https://github.com/xmartlabs/Eureka.git
    :tag: 2.0.1

CHECKOUT OPTIONS:
  ChameleonFramework:
    :commit: acc480fbe023c6e5fe40f68593f4a70a8c4c7ad5
    :git: https://github.com/ViccAlexander/Chameleon.git
  Eureka:
    :git: https://github.com/xmartlabs/Eureka.git
    :tag: 2.0.1

SPEC CHECKSUMS:
  ChameleonFramework: d21a3cc247abfe5e37609a283a8238b03575cf64
  Eureka: b40fbccd381b2b5d6a1c138d23806993a950d7d7

PODFILE CHECKSUM: 1e2537d4eccd1c06c45ac9727bd8883eb3023be9

COCOAPODS: 1.2.0
