PODS:
  - ChameleonFramework/Default (2.1.0)
  - ChameleonFramework/Swift (2.1.0):
    - ChameleonFramework/Default
  - Dwifft (0.8)
  - Eureka (4.2.0)
  - Realm (3.13.0):
    - Realm/Headers (= 3.13.0)
  - Realm/Headers (3.13.0)
  - RealmSwift (3.13.0):
    - Realm (= 3.13.0)
  - SwiftyUserDefaults (4.0.0-alpha.1)

DEPENDENCIES:
  - ChameleonFramework/Swift (from `https://github.com/ViccAlexander/Chameleon.git`)
  - Dwifft
  - Eureka (from `https://github.com/xmartlabs/Eureka.git`)
  - RealmSwift
  - SwiftyUserDefaults (from `https://github.com/radex/SwiftyUserDefaults.git`)

SPEC REPOS:
  https://github.com/cocoapods/specs.git:
    - Dwifft
    - Realm
    - RealmSwift

EXTERNAL SOURCES:
  ChameleonFramework:
    :git: https://github.com/ViccAlexander/Chameleon.git
  Eureka:
    :git: https://github.com/xmartlabs/Eureka.git
  SwiftyUserDefaults:
    :git: https://github.com/radex/SwiftyUserDefaults.git

CHECKOUT OPTIONS:
  ChameleonFramework:
    :commit: acc480fbe023c6e5fe40f68593f4a70a8c4c7ad5
    :git: https://github.com/ViccAlexander/Chameleon.git
  Eureka:
    :commit: c0f7bd38245746d75b304d2fe5fba762558ef4ec
    :git: https://github.com/xmartlabs/Eureka.git
  SwiftyUserDefaults:
    :commit: 4318092d12439887cd9b9b30d4d0e06b7867146b
    :git: https://github.com/radex/SwiftyUserDefaults.git

SPEC CHECKSUMS:
  ChameleonFramework: d21a3cc247abfe5e37609a283a8238b03575cf64
  Dwifft: 463e61d07322fdf83b32ee6975ca1b20708db746
  Eureka: 0748c7bbb2560130e43c7bfa83e99c98854a1f42
  Realm: 5edd2ee65406aef591a4f9895de5a3440e51b3d8
  RealmSwift: be5ebc7930e37cd3376b41cec7f21984528aaa16
  SwiftyUserDefaults: cebe0ff9472f52699772a514b6f7155861d8069b

PODFILE CHECKSUM: 2e5ffe00ab9287306fcea48d5671c03ce198ff39

COCOAPODS: 1.5.2
