// !$*UTF8*$!
{
	archiveVersion = 1;
	classes = {
	};
	objectVersion = 46;
	objects = {

/* Begin PBXBuildFile section */
		52478249C536DCFE6AF4DB38 /* Pods_PremiumReturnsTests.framework in Frameworks */ = {isa = PBXBuildFile; fileRef = FC414F1783B36336ABD8B91E /* Pods_PremiumReturnsTests.framework */; };
		A8110A421E847D9300D5C996 /* TradeFormFieldController.swift in Sources */ = {isa = PBXBuildFile; fileRef = A8110A411E847D9300D5C996 /* TradeFormFieldController.swift */; };
		A83DB5E01E8178FD0082BFE7 /* LiveTradeTableViewController.swift in Sources */ = {isa = PBXBuildFile; fileRef = A83DB5DF1E8178FD0082BFE7 /* LiveTradeTableViewController.swift */; };
		A83DB5E21E817A340082BFE7 /* LiveTradeTableViewDataSource.swift in Sources */ = {isa = PBXBuildFile; fileRef = A83DB5E11E817A340082BFE7 /* LiveTradeTableViewDataSource.swift */; };
		A83DB5E41E817A490082BFE7 /* LiveTradeTableViewDelegate.swift in Sources */ = {isa = PBXBuildFile; fileRef = A83DB5E31E817A490082BFE7 /* LiveTradeTableViewDelegate.swift */; };
		A84127F81E78B61100C24788 /* ItemCell.swift in Sources */ = {isa = PBXBuildFile; fileRef = A84127F71E78B61100C24788 /* ItemCell.swift */; };
		A84E1D001E73560B007FE0E9 /* CurrencyController.swift in Sources */ = {isa = PBXBuildFile; fileRef = A84E1CF01E73560B007FE0E9 /* CurrencyController.swift */; };
		A84E1D021E73560B007FE0E9 /* FormController.swift in Sources */ = {isa = PBXBuildFile; fileRef = A84E1CF21E73560B007FE0E9 /* FormController.swift */; };
		A84E1D031E73560B007FE0E9 /* HelpViewController.swift in Sources */ = {isa = PBXBuildFile; fileRef = A84E1CF31E73560B007FE0E9 /* HelpViewController.swift */; };
		A84E1D061E73560B007FE0E9 /* RoutingController.swift in Sources */ = {isa = PBXBuildFile; fileRef = A84E1CF61E73560B007FE0E9 /* RoutingController.swift */; };
		A84E1D071E73560B007FE0E9 /* SplashViewController.swift in Sources */ = {isa = PBXBuildFile; fileRef = A84E1CF71E73560B007FE0E9 /* SplashViewController.swift */; };
		A84E1D0D1E73560B007FE0E9 /* StoryboardFactory.swift in Sources */ = {isa = PBXBuildFile; fileRef = A84E1CFE1E73560B007FE0E9 /* StoryboardFactory.swift */; };
		A84E1D1A1E73561D007FE0E9 /* Constants.swift in Sources */ = {isa = PBXBuildFile; fileRef = A84E1D0F1E73561D007FE0E9 /* Constants.swift */; };
		A84E1D1B1E73561D007FE0E9 /* Realm.swift in Sources */ = {isa = PBXBuildFile; fileRef = A84E1D101E73561D007FE0E9 /* Realm.swift */; };
		A84E1D1C1E73561D007FE0E9 /* Utilities.swift in Sources */ = {isa = PBXBuildFile; fileRef = A84E1D111E73561D007FE0E9 /* Utilities.swift */; };
		A84E1D1D1E73561D007FE0E9 /* Broker.swift in Sources */ = {isa = PBXBuildFile; fileRef = A84E1D131E73561D007FE0E9 /* Broker.swift */; };
		A84E1D1E1E73561D007FE0E9 /* Strategy.swift in Sources */ = {isa = PBXBuildFile; fileRef = A84E1D141E73561D007FE0E9 /* Strategy.swift */; };
		A84E1D1F1E73561D007FE0E9 /* Trade.swift in Sources */ = {isa = PBXBuildFile; fileRef = A84E1D151E73561D007FE0E9 /* Trade.swift */; };
		A84E1D201E73561D007FE0E9 /* Help.storyboard in Resources */ = {isa = PBXBuildFile; fileRef = A84E1D171E73561D007FE0E9 /* Help.storyboard */; };
		A84E1D211E73561D007FE0E9 /* Splash.storyboard in Resources */ = {isa = PBXBuildFile; fileRef = A84E1D181E73561D007FE0E9 /* Splash.storyboard */; };
		A84E1D221E73561D007FE0E9 /* Strategy.storyboard in Resources */ = {isa = PBXBuildFile; fileRef = A84E1D191E73561D007FE0E9 /* Strategy.storyboard */; };
		A85152A71E82DA9A00627DA8 /* BrokerTests.swift in Sources */ = {isa = PBXBuildFile; fileRef = A85152A61E82DA9A00627DA8 /* BrokerTests.swift */; };
		A874CD591E97E0C3007520F4 /* FormControllerTests.swift in Sources */ = {isa = PBXBuildFile; fileRef = A874CD581E97E0C3007520F4 /* FormControllerTests.swift */; };
		A889C36E1E79A43A004F3AD7 /* BrokerFormController.swift in Sources */ = {isa = PBXBuildFile; fileRef = A889C36C1E79A43A004F3AD7 /* BrokerFormController.swift */; };
		A889C36F1E79A43A004F3AD7 /* EditBrokerTableViewController.swift in Sources */ = {isa = PBXBuildFile; fileRef = A889C36D1E79A43A004F3AD7 /* EditBrokerTableViewController.swift */; };
		A889C3711E79C0B8004F3AD7 /* Broker.storyboard in Resources */ = {isa = PBXBuildFile; fileRef = A889C3701E79C0B8004F3AD7 /* Broker.storyboard */; };
		A88F98B11E8081B100A15E17 /* TradeControllerTests.swift in Sources */ = {isa = PBXBuildFile; fileRef = A88F98B01E8081B100A15E17 /* TradeControllerTests.swift */; };
		A89EEF451E78C41100CDE038 /* BrokerController.swift in Sources */ = {isa = PBXBuildFile; fileRef = A89EEF441E78C41100CDE038 /* BrokerController.swift */; };
		A89EEF491E78C41B00CDE038 /* ItemTableViewController.swift in Sources */ = {isa = PBXBuildFile; fileRef = A89EEF471E78C41B00CDE038 /* ItemTableViewController.swift */; };
		A89EEF4A1E78C41B00CDE038 /* ItemTableViewDataSource.swift in Sources */ = {isa = PBXBuildFile; fileRef = A89EEF481E78C41B00CDE038 /* ItemTableViewDataSource.swift */; };
		A89EEF4E1E78C42600CDE038 /* ModelController.swift in Sources */ = {isa = PBXBuildFile; fileRef = A89EEF4C1E78C42600CDE038 /* ModelController.swift */; };
		A89EEF4F1E78C42600CDE038 /* ModelControllerUtilities.swift in Sources */ = {isa = PBXBuildFile; fileRef = A89EEF4D1E78C42600CDE038 /* ModelControllerUtilities.swift */; };
		A89EEF571E78C43000CDE038 /* EditStrategyTableViewController.swift in Sources */ = {isa = PBXBuildFile; fileRef = A89EEF511E78C43000CDE038 /* EditStrategyTableViewController.swift */; };
		A89EEF581E78C43000CDE038 /* StrategyController.swift in Sources */ = {isa = PBXBuildFile; fileRef = A89EEF521E78C43000CDE038 /* StrategyController.swift */; };
		A89EEF591E78C43000CDE038 /* StrategyFormController.swift in Sources */ = {isa = PBXBuildFile; fileRef = A89EEF531E78C43000CDE038 /* StrategyFormController.swift */; };
		A89EEF5A1E78C43000CDE038 /* StrategyTableViewController.swift in Sources */ = {isa = PBXBuildFile; fileRef = A89EEF541E78C43000CDE038 /* StrategyTableViewController.swift */; };
		A89EEF5B1E78C43000CDE038 /* StrategyTableViewDataSource.swift in Sources */ = {isa = PBXBuildFile; fileRef = A89EEF551E78C43000CDE038 /* StrategyTableViewDataSource.swift */; };
		A89EEF5C1E78C43000CDE038 /* StrategyTableViewDelegate.swift in Sources */ = {isa = PBXBuildFile; fileRef = A89EEF561E78C43000CDE038 /* StrategyTableViewDelegate.swift */; };
		A89EEF611E78C43B00CDE038 /* TradeController.swift in Sources */ = {isa = PBXBuildFile; fileRef = A89EEF5E1E78C43B00CDE038 /* TradeController.swift */; };
		A89EEF621E78C43B00CDE038 /* TradeFormController.swift in Sources */ = {isa = PBXBuildFile; fileRef = A89EEF5F1E78C43B00CDE038 /* TradeFormController.swift */; };
		A89EEF631E78C43B00CDE038 /* TradeTableViewController.swift in Sources */ = {isa = PBXBuildFile; fileRef = A89EEF601E78C43B00CDE038 /* TradeTableViewController.swift */; };
		A89EEF671E78C4CA00CDE038 /* BrokerTableViewController.swift in Sources */ = {isa = PBXBuildFile; fileRef = A89EEF641E78C4CA00CDE038 /* BrokerTableViewController.swift */; };
		A89EEF681E78C4CA00CDE038 /* BrokerTableViewDataSource.swift in Sources */ = {isa = PBXBuildFile; fileRef = A89EEF651E78C4CA00CDE038 /* BrokerTableViewDataSource.swift */; };
		A89EEF691E78C4CA00CDE038 /* BrokerTableViewDelegate.swift in Sources */ = {isa = PBXBuildFile; fileRef = A89EEF661E78C4CA00CDE038 /* BrokerTableViewDelegate.swift */; };
		A8A9A6F81E928E4100152761 /* LiveTradeViewController.swift in Sources */ = {isa = PBXBuildFile; fileRef = A8A9A6F71E928E4100152761 /* LiveTradeViewController.swift */; };
		A8A9A6FA1E928ED400152761 /* LiveTradeFormController.swift in Sources */ = {isa = PBXBuildFile; fileRef = A8A9A6F91E928ED400152761 /* LiveTradeFormController.swift */; };
		A8C8CEA61E7353CF00591493 /* AppDelegate.swift in Sources */ = {isa = PBXBuildFile; fileRef = A8C8CEA51E7353CF00591493 /* AppDelegate.swift */; };
		A8C8CEAB1E7353CF00591493 /* Main.storyboard in Resources */ = {isa = PBXBuildFile; fileRef = A8C8CEA91E7353CF00591493 /* Main.storyboard */; };
		A8C8CEAD1E7353CF00591493 /* Assets.xcassets in Resources */ = {isa = PBXBuildFile; fileRef = A8C8CEAC1E7353CF00591493 /* Assets.xcassets */; };
		A8C8CEB01E7353CF00591493 /* LaunchScreen.storyboard in Resources */ = {isa = PBXBuildFile; fileRef = A8C8CEAE1E7353CF00591493 /* LaunchScreen.storyboard */; };
		A8C8CEC61E7353CF00591493 /* PremiumReturnsUITests.swift in Sources */ = {isa = PBXBuildFile; fileRef = A8C8CEC51E7353CF00591493 /* PremiumReturnsUITests.swift */; };
		A8DAB5821E79FC7E0044D76C /* Podfile in Resources */ = {isa = PBXBuildFile; fileRef = A8DAB5811E79FC7E0044D76C /* Podfile */; };
		A8F0D6021E7F6D3200EA54BE /* Theme.swift in Sources */ = {isa = PBXBuildFile; fileRef = A8F0D6011E7F6D3200EA54BE /* Theme.swift */; };
		A8F0D6041E7F850B00EA54BE /* Default-568h@2x.png in Resources */ = {isa = PBXBuildFile; fileRef = A8F0D6031E7F850B00EA54BE /* Default-568h@2x.png */; };
		A8F184B31E76DB5D0019F04E /* BrokerControllerTests.swift in Sources */ = {isa = PBXBuildFile; fileRef = A8F184AC1E76DB5D0019F04E /* BrokerControllerTests.swift */; };
		A8F184B41E76DB5D0019F04E /* CurrencyControllerTests.swift in Sources */ = {isa = PBXBuildFile; fileRef = A8F184AD1E76DB5D0019F04E /* CurrencyControllerTests.swift */; };
		A8F184B51E76DB5D0019F04E /* ModelControllerTests.swift in Sources */ = {isa = PBXBuildFile; fileRef = A8F184AE1E76DB5D0019F04E /* ModelControllerTests.swift */; };
		A8F184B61E76DB5D0019F04E /* ModelControllerUtilitiesTests.swift in Sources */ = {isa = PBXBuildFile; fileRef = A8F184AF1E76DB5D0019F04E /* ModelControllerUtilitiesTests.swift */; };
		A8F184B71E76DB5D0019F04E /* StrategyControllerTests.swift in Sources */ = {isa = PBXBuildFile; fileRef = A8F184B01E76DB5D0019F04E /* StrategyControllerTests.swift */; };
		A8F184B81E76DB5D0019F04E /* TradeTests.swift in Sources */ = {isa = PBXBuildFile; fileRef = A8F184B11E76DB5D0019F04E /* TradeTests.swift */; };
		A8F184B91E76DB5D0019F04E /* UtilitiesTests.swift in Sources */ = {isa = PBXBuildFile; fileRef = A8F184B21E76DB5D0019F04E /* UtilitiesTests.swift */; };
		A8F184BB1E76EAB70019F04E /* StrategyTests.swift in Sources */ = {isa = PBXBuildFile; fileRef = A8F184BA1E76EAB70019F04E /* StrategyTests.swift */; };
		CCDDB989BBC465DF6CF0A423 /* Pods_PremiumReturns.framework in Frameworks */ = {isa = PBXBuildFile; fileRef = 3BBDF88558AF28B6347CBA47 /* Pods_PremiumReturns.framework */; };
/* End PBXBuildFile section */

/* Begin PBXContainerItemProxy section */
		A8C8CEB71E7353CF00591493 /* PBXContainerItemProxy */ = {
			isa = PBXContainerItemProxy;
			containerPortal = A8C8CE9A1E7353CF00591493 /* Project object */;
			proxyType = 1;
			remoteGlobalIDString = A8C8CEA11E7353CF00591493;
			remoteInfo = PremiumReturns;
		};
		A8C8CEC21E7353CF00591493 /* PBXContainerItemProxy */ = {
			isa = PBXContainerItemProxy;
			containerPortal = A8C8CE9A1E7353CF00591493 /* Project object */;
			proxyType = 1;
			remoteGlobalIDString = A8C8CEA11E7353CF00591493;
			remoteInfo = PremiumReturns;
		};
/* End PBXContainerItemProxy section */

/* Begin PBXCopyFilesBuildPhase section */
		A84E1D321E7368F5007FE0E9 /* Embed Frameworks */ = {
			isa = PBXCopyFilesBuildPhase;
			buildActionMask = 2147483647;
			dstPath = "";
			dstSubfolderSpec = 10;
			files = (
			);
			name = "Embed Frameworks";
			runOnlyForDeploymentPostprocessing = 0;
		};
/* End PBXCopyFilesBuildPhase section */

/* Begin PBXFileReference section */
		2822E789C056DED9BC133ABC /* Pods-PremiumReturns.debug.xcconfig */ = {isa = PBXFileReference; includeInIndex = 1; lastKnownFileType = text.xcconfig; name = "Pods-PremiumReturns.debug.xcconfig"; path = "Pods/Target Support Files/Pods-PremiumReturns/Pods-PremiumReturns.debug.xcconfig"; sourceTree = "<group>"; };
		3BBDF88558AF28B6347CBA47 /* Pods_PremiumReturns.framework */ = {isa = PBXFileReference; explicitFileType = wrapper.framework; includeInIndex = 0; path = Pods_PremiumReturns.framework; sourceTree = BUILT_PRODUCTS_DIR; };
		7D575226255B7D793A905837 /* Pods-PremiumReturnsTests.release.xcconfig */ = {isa = PBXFileReference; includeInIndex = 1; lastKnownFileType = text.xcconfig; name = "Pods-PremiumReturnsTests.release.xcconfig"; path = "Pods/Target Support Files/Pods-PremiumReturnsTests/Pods-PremiumReturnsTests.release.xcconfig"; sourceTree = "<group>"; };
		A1BE539EF3A9A4F5A1EF08D7 /* Pods-PremiumReturns.release.xcconfig */ = {isa = PBXFileReference; includeInIndex = 1; lastKnownFileType = text.xcconfig; name = "Pods-PremiumReturns.release.xcconfig"; path = "Pods/Target Support Files/Pods-PremiumReturns/Pods-PremiumReturns.release.xcconfig"; sourceTree = "<group>"; };
		A8110A411E847D9300D5C996 /* TradeFormFieldController.swift */ = {isa = PBXFileReference; fileEncoding = 4; lastKnownFileType = sourcecode.swift; path = TradeFormFieldController.swift; sourceTree = "<group>"; };
		A83DB5DF1E8178FD0082BFE7 /* LiveTradeTableViewController.swift */ = {isa = PBXFileReference; fileEncoding = 4; lastKnownFileType = sourcecode.swift; path = LiveTradeTableViewController.swift; sourceTree = "<group>"; };
		A83DB5E11E817A340082BFE7 /* LiveTradeTableViewDataSource.swift */ = {isa = PBXFileReference; fileEncoding = 4; lastKnownFileType = sourcecode.swift; path = LiveTradeTableViewDataSource.swift; sourceTree = "<group>"; };
		A83DB5E31E817A490082BFE7 /* LiveTradeTableViewDelegate.swift */ = {isa = PBXFileReference; fileEncoding = 4; lastKnownFileType = sourcecode.swift; path = LiveTradeTableViewDelegate.swift; sourceTree = "<group>"; };
		A84127F71E78B61100C24788 /* ItemCell.swift */ = {isa = PBXFileReference; fileEncoding = 4; lastKnownFileType = sourcecode.swift; path = ItemCell.swift; sourceTree = "<group>"; };
		A84E1CF01E73560B007FE0E9 /* CurrencyController.swift */ = {isa = PBXFileReference; fileEncoding = 4; lastKnownFileType = sourcecode.swift; path = CurrencyController.swift; sourceTree = "<group>"; };
		A84E1CF21E73560B007FE0E9 /* FormController.swift */ = {isa = PBXFileReference; fileEncoding = 4; lastKnownFileType = sourcecode.swift; path = FormController.swift; sourceTree = "<group>"; };
		A84E1CF31E73560B007FE0E9 /* HelpViewController.swift */ = {isa = PBXFileReference; fileEncoding = 4; lastKnownFileType = sourcecode.swift; path = HelpViewController.swift; sourceTree = "<group>"; };
		A84E1CF61E73560B007FE0E9 /* RoutingController.swift */ = {isa = PBXFileReference; fileEncoding = 4; lastKnownFileType = sourcecode.swift; path = RoutingController.swift; sourceTree = "<group>"; };
		A84E1CF71E73560B007FE0E9 /* SplashViewController.swift */ = {isa = PBXFileReference; fileEncoding = 4; lastKnownFileType = sourcecode.swift; path = SplashViewController.swift; sourceTree = "<group>"; };
		A84E1CFE1E73560B007FE0E9 /* StoryboardFactory.swift */ = {isa = PBXFileReference; fileEncoding = 4; lastKnownFileType = sourcecode.swift; path = StoryboardFactory.swift; sourceTree = "<group>"; };
		A84E1D0F1E73561D007FE0E9 /* Constants.swift */ = {isa = PBXFileReference; fileEncoding = 4; lastKnownFileType = sourcecode.swift; path = Constants.swift; sourceTree = "<group>"; };
		A84E1D101E73561D007FE0E9 /* Realm.swift */ = {isa = PBXFileReference; fileEncoding = 4; lastKnownFileType = sourcecode.swift; path = Realm.swift; sourceTree = "<group>"; };
		A84E1D111E73561D007FE0E9 /* Utilities.swift */ = {isa = PBXFileReference; fileEncoding = 4; lastKnownFileType = sourcecode.swift; path = Utilities.swift; sourceTree = "<group>"; };
		A84E1D131E73561D007FE0E9 /* Broker.swift */ = {isa = PBXFileReference; fileEncoding = 4; lastKnownFileType = sourcecode.swift; path = Broker.swift; sourceTree = "<group>"; };
		A84E1D141E73561D007FE0E9 /* Strategy.swift */ = {isa = PBXFileReference; fileEncoding = 4; lastKnownFileType = sourcecode.swift; path = Strategy.swift; sourceTree = "<group>"; };
		A84E1D151E73561D007FE0E9 /* Trade.swift */ = {isa = PBXFileReference; fileEncoding = 4; lastKnownFileType = sourcecode.swift; path = Trade.swift; sourceTree = "<group>"; };
		A84E1D171E73561D007FE0E9 /* Help.storyboard */ = {isa = PBXFileReference; fileEncoding = 4; lastKnownFileType = file.storyboard; path = Help.storyboard; sourceTree = "<group>"; };
		A84E1D181E73561D007FE0E9 /* Splash.storyboard */ = {isa = PBXFileReference; fileEncoding = 4; lastKnownFileType = file.storyboard; path = Splash.storyboard; sourceTree = "<group>"; };
		A84E1D191E73561D007FE0E9 /* Strategy.storyboard */ = {isa = PBXFileReference; fileEncoding = 4; lastKnownFileType = file.storyboard; path = Strategy.storyboard; sourceTree = "<group>"; };
		A84E1D231E735628007FE0E9 /* TastyReturns.playground */ = {isa = PBXFileReference; lastKnownFileType = file.playground; path = TastyReturns.playground; sourceTree = "<group>"; };
		A85152A61E82DA9A00627DA8 /* BrokerTests.swift */ = {isa = PBXFileReference; fileEncoding = 4; lastKnownFileType = sourcecode.swift; path = BrokerTests.swift; sourceTree = "<group>"; };
		A874CD581E97E0C3007520F4 /* FormControllerTests.swift */ = {isa = PBXFileReference; fileEncoding = 4; lastKnownFileType = sourcecode.swift; path = FormControllerTests.swift; sourceTree = "<group>"; };
		A889C36C1E79A43A004F3AD7 /* BrokerFormController.swift */ = {isa = PBXFileReference; fileEncoding = 4; lastKnownFileType = sourcecode.swift; path = BrokerFormController.swift; sourceTree = "<group>"; };
		A889C36D1E79A43A004F3AD7 /* EditBrokerTableViewController.swift */ = {isa = PBXFileReference; fileEncoding = 4; lastKnownFileType = sourcecode.swift; path = EditBrokerTableViewController.swift; sourceTree = "<group>"; };
		A889C3701E79C0B8004F3AD7 /* Broker.storyboard */ = {isa = PBXFileReference; fileEncoding = 4; lastKnownFileType = file.storyboard; path = Broker.storyboard; sourceTree = "<group>"; };
		A88F98B01E8081B100A15E17 /* TradeControllerTests.swift */ = {isa = PBXFileReference; fileEncoding = 4; lastKnownFileType = sourcecode.swift; path = TradeControllerTests.swift; sourceTree = "<group>"; };
		A89EEF441E78C41100CDE038 /* BrokerController.swift */ = {isa = PBXFileReference; fileEncoding = 4; lastKnownFileType = sourcecode.swift; path = BrokerController.swift; sourceTree = "<group>"; };
		A89EEF471E78C41B00CDE038 /* ItemTableViewController.swift */ = {isa = PBXFileReference; fileEncoding = 4; lastKnownFileType = sourcecode.swift; path = ItemTableViewController.swift; sourceTree = "<group>"; };
		A89EEF481E78C41B00CDE038 /* ItemTableViewDataSource.swift */ = {isa = PBXFileReference; fileEncoding = 4; lastKnownFileType = sourcecode.swift; path = ItemTableViewDataSource.swift; sourceTree = "<group>"; };
		A89EEF4C1E78C42600CDE038 /* ModelController.swift */ = {isa = PBXFileReference; fileEncoding = 4; lastKnownFileType = sourcecode.swift; path = ModelController.swift; sourceTree = "<group>"; };
		A89EEF4D1E78C42600CDE038 /* ModelControllerUtilities.swift */ = {isa = PBXFileReference; fileEncoding = 4; lastKnownFileType = sourcecode.swift; path = ModelControllerUtilities.swift; sourceTree = "<group>"; };
		A89EEF511E78C43000CDE038 /* EditStrategyTableViewController.swift */ = {isa = PBXFileReference; fileEncoding = 4; lastKnownFileType = sourcecode.swift; path = EditStrategyTableViewController.swift; sourceTree = "<group>"; };
		A89EEF521E78C43000CDE038 /* StrategyController.swift */ = {isa = PBXFileReference; fileEncoding = 4; lastKnownFileType = sourcecode.swift; path = StrategyController.swift; sourceTree = "<group>"; };
		A89EEF531E78C43000CDE038 /* StrategyFormController.swift */ = {isa = PBXFileReference; fileEncoding = 4; lastKnownFileType = sourcecode.swift; path = StrategyFormController.swift; sourceTree = "<group>"; };
		A89EEF541E78C43000CDE038 /* StrategyTableViewController.swift */ = {isa = PBXFileReference; fileEncoding = 4; lastKnownFileType = sourcecode.swift; path = StrategyTableViewController.swift; sourceTree = "<group>"; };
		A89EEF551E78C43000CDE038 /* StrategyTableViewDataSource.swift */ = {isa = PBXFileReference; fileEncoding = 4; lastKnownFileType = sourcecode.swift; path = StrategyTableViewDataSource.swift; sourceTree = "<group>"; };
		A89EEF561E78C43000CDE038 /* StrategyTableViewDelegate.swift */ = {isa = PBXFileReference; fileEncoding = 4; lastKnownFileType = sourcecode.swift; path = StrategyTableViewDelegate.swift; sourceTree = "<group>"; };
		A89EEF5E1E78C43B00CDE038 /* TradeController.swift */ = {isa = PBXFileReference; fileEncoding = 4; lastKnownFileType = sourcecode.swift; path = TradeController.swift; sourceTree = "<group>"; };
		A89EEF5F1E78C43B00CDE038 /* TradeFormController.swift */ = {isa = PBXFileReference; fileEncoding = 4; lastKnownFileType = sourcecode.swift; path = TradeFormController.swift; sourceTree = "<group>"; };
		A89EEF601E78C43B00CDE038 /* TradeTableViewController.swift */ = {isa = PBXFileReference; fileEncoding = 4; lastKnownFileType = sourcecode.swift; path = TradeTableViewController.swift; sourceTree = "<group>"; };
		A89EEF641E78C4CA00CDE038 /* BrokerTableViewController.swift */ = {isa = PBXFileReference; fileEncoding = 4; lastKnownFileType = sourcecode.swift; path = BrokerTableViewController.swift; sourceTree = "<group>"; };
		A89EEF651E78C4CA00CDE038 /* BrokerTableViewDataSource.swift */ = {isa = PBXFileReference; fileEncoding = 4; lastKnownFileType = sourcecode.swift; path = BrokerTableViewDataSource.swift; sourceTree = "<group>"; };
		A89EEF661E78C4CA00CDE038 /* BrokerTableViewDelegate.swift */ = {isa = PBXFileReference; fileEncoding = 4; lastKnownFileType = sourcecode.swift; path = BrokerTableViewDelegate.swift; sourceTree = "<group>"; };
		A8A9A6F71E928E4100152761 /* LiveTradeViewController.swift */ = {isa = PBXFileReference; fileEncoding = 4; lastKnownFileType = sourcecode.swift; path = LiveTradeViewController.swift; sourceTree = "<group>"; };
		A8A9A6F91E928ED400152761 /* LiveTradeFormController.swift */ = {isa = PBXFileReference; fileEncoding = 4; lastKnownFileType = sourcecode.swift; path = LiveTradeFormController.swift; sourceTree = "<group>"; };
		A8C8CEA21E7353CF00591493 /* PremiumReturns.app */ = {isa = PBXFileReference; explicitFileType = wrapper.application; includeInIndex = 0; path = PremiumReturns.app; sourceTree = BUILT_PRODUCTS_DIR; };
		A8C8CEA51E7353CF00591493 /* AppDelegate.swift */ = {isa = PBXFileReference; lastKnownFileType = sourcecode.swift; path = AppDelegate.swift; sourceTree = "<group>"; };
		A8C8CEAA1E7353CF00591493 /* Base */ = {isa = PBXFileReference; lastKnownFileType = file.storyboard; name = Base; path = Base.lproj/Main.storyboard; sourceTree = "<group>"; };
		A8C8CEAC1E7353CF00591493 /* Assets.xcassets */ = {isa = PBXFileReference; lastKnownFileType = folder.assetcatalog; path = Assets.xcassets; sourceTree = "<group>"; };
		A8C8CEAF1E7353CF00591493 /* Base */ = {isa = PBXFileReference; lastKnownFileType = file.storyboard; name = Base; path = Base.lproj/LaunchScreen.storyboard; sourceTree = "<group>"; };
		A8C8CEB11E7353CF00591493 /* Info.plist */ = {isa = PBXFileReference; lastKnownFileType = text.plist.xml; path = Info.plist; sourceTree = "<group>"; };
		A8C8CEB61E7353CF00591493 /* PremiumReturnsTests.xctest */ = {isa = PBXFileReference; explicitFileType = wrapper.cfbundle; includeInIndex = 0; path = PremiumReturnsTests.xctest; sourceTree = BUILT_PRODUCTS_DIR; };
		A8C8CEBC1E7353CF00591493 /* Info.plist */ = {isa = PBXFileReference; lastKnownFileType = text.plist.xml; path = Info.plist; sourceTree = "<group>"; };
		A8C8CEC11E7353CF00591493 /* PremiumReturnsUITests.xctest */ = {isa = PBXFileReference; explicitFileType = wrapper.cfbundle; includeInIndex = 0; path = PremiumReturnsUITests.xctest; sourceTree = BUILT_PRODUCTS_DIR; };
		A8C8CEC51E7353CF00591493 /* PremiumReturnsUITests.swift */ = {isa = PBXFileReference; lastKnownFileType = sourcecode.swift; path = PremiumReturnsUITests.swift; sourceTree = "<group>"; };
		A8C8CEC71E7353CF00591493 /* Info.plist */ = {isa = PBXFileReference; lastKnownFileType = text.plist.xml; path = Info.plist; sourceTree = "<group>"; };
		A8DAB5811E79FC7E0044D76C /* Podfile */ = {isa = PBXFileReference; fileEncoding = 4; lastKnownFileType = text; path = Podfile; sourceTree = "<group>"; };
		A8F0D6011E7F6D3200EA54BE /* Theme.swift */ = {isa = PBXFileReference; fileEncoding = 4; lastKnownFileType = sourcecode.swift; path = Theme.swift; sourceTree = "<group>"; };
		A8F0D6031E7F850B00EA54BE /* Default-568h@2x.png */ = {isa = PBXFileReference; lastKnownFileType = image.png; path = "Default-568h@2x.png"; sourceTree = "<group>"; };
		A8F184AC1E76DB5D0019F04E /* BrokerControllerTests.swift */ = {isa = PBXFileReference; fileEncoding = 4; lastKnownFileType = sourcecode.swift; path = BrokerControllerTests.swift; sourceTree = "<group>"; };
		A8F184AD1E76DB5D0019F04E /* CurrencyControllerTests.swift */ = {isa = PBXFileReference; fileEncoding = 4; lastKnownFileType = sourcecode.swift; path = CurrencyControllerTests.swift; sourceTree = "<group>"; };
		A8F184AE1E76DB5D0019F04E /* ModelControllerTests.swift */ = {isa = PBXFileReference; fileEncoding = 4; lastKnownFileType = sourcecode.swift; path = ModelControllerTests.swift; sourceTree = "<group>"; };
		A8F184AF1E76DB5D0019F04E /* ModelControllerUtilitiesTests.swift */ = {isa = PBXFileReference; fileEncoding = 4; lastKnownFileType = sourcecode.swift; path = ModelControllerUtilitiesTests.swift; sourceTree = "<group>"; };
		A8F184B01E76DB5D0019F04E /* StrategyControllerTests.swift */ = {isa = PBXFileReference; fileEncoding = 4; lastKnownFileType = sourcecode.swift; path = StrategyControllerTests.swift; sourceTree = "<group>"; };
		A8F184B11E76DB5D0019F04E /* TradeTests.swift */ = {isa = PBXFileReference; fileEncoding = 4; lastKnownFileType = sourcecode.swift; path = TradeTests.swift; sourceTree = "<group>"; };
		A8F184B21E76DB5D0019F04E /* UtilitiesTests.swift */ = {isa = PBXFileReference; fileEncoding = 4; lastKnownFileType = sourcecode.swift; path = UtilitiesTests.swift; sourceTree = "<group>"; };
		A8F184BA1E76EAB70019F04E /* StrategyTests.swift */ = {isa = PBXFileReference; fileEncoding = 4; lastKnownFileType = sourcecode.swift; path = StrategyTests.swift; sourceTree = "<group>"; };
		E41BD25766C6F8E51B52B16B /* Pods-PremiumReturnsTests.debug.xcconfig */ = {isa = PBXFileReference; includeInIndex = 1; lastKnownFileType = text.xcconfig; name = "Pods-PremiumReturnsTests.debug.xcconfig"; path = "Pods/Target Support Files/Pods-PremiumReturnsTests/Pods-PremiumReturnsTests.debug.xcconfig"; sourceTree = "<group>"; };
		FC414F1783B36336ABD8B91E /* Pods_PremiumReturnsTests.framework */ = {isa = PBXFileReference; explicitFileType = wrapper.framework; includeInIndex = 0; path = Pods_PremiumReturnsTests.framework; sourceTree = BUILT_PRODUCTS_DIR; };
/* End PBXFileReference section */

/* Begin PBXFrameworksBuildPhase section */
		A8C8CE9F1E7353CF00591493 /* Frameworks */ = {
			isa = PBXFrameworksBuildPhase;
			buildActionMask = 2147483647;
			files = (
				CCDDB989BBC465DF6CF0A423 /* Pods_PremiumReturns.framework in Frameworks */,
			);
			runOnlyForDeploymentPostprocessing = 0;
		};
		A8C8CEB31E7353CF00591493 /* Frameworks */ = {
			isa = PBXFrameworksBuildPhase;
			buildActionMask = 2147483647;
			files = (
				52478249C536DCFE6AF4DB38 /* Pods_PremiumReturnsTests.framework in Frameworks */,
			);
			runOnlyForDeploymentPostprocessing = 0;
		};
		A8C8CEBE1E7353CF00591493 /* Frameworks */ = {
			isa = PBXFrameworksBuildPhase;
			buildActionMask = 2147483647;
			files = (
			);
			runOnlyForDeploymentPostprocessing = 0;
		};
/* End PBXFrameworksBuildPhase section */

/* Begin PBXGroup section */
		632AE14A76760F55948E1EAC /* Frameworks */ = {
			isa = PBXGroup;
			children = (
				3BBDF88558AF28B6347CBA47 /* Pods_PremiumReturns.framework */,
				FC414F1783B36336ABD8B91E /* Pods_PremiumReturnsTests.framework */,
			);
			name = Frameworks;
			sourceTree = "<group>";
		};
		A8110A451E84809000D5C996 /* misc */ = {
			isa = PBXGroup;
			children = (
				A84E1CF01E73560B007FE0E9 /* CurrencyController.swift */,
				A84E1CF21E73560B007FE0E9 /* FormController.swift */,
				A84E1CF31E73560B007FE0E9 /* HelpViewController.swift */,
				A84E1CF61E73560B007FE0E9 /* RoutingController.swift */,
				A84E1CF71E73560B007FE0E9 /* SplashViewController.swift */,
			);
			name = misc;
			sourceTree = "<group>";
		};
		A83DB5DE1E8178C90082BFE7 /* live */ = {
			isa = PBXGroup;
			children = (
				A83DB5DF1E8178FD0082BFE7 /* LiveTradeTableViewController.swift */,
				A83DB5E11E817A340082BFE7 /* LiveTradeTableViewDataSource.swift */,
				A83DB5E31E817A490082BFE7 /* LiveTradeTableViewDelegate.swift */,
				A8A9A6F71E928E4100152761 /* LiveTradeViewController.swift */,
				A8A9A6F91E928ED400152761 /* LiveTradeFormController.swift */,
			);
			path = live;
			sourceTree = "<group>";
		};
		A84127F41E78B5AA00C24788 /* cells */ = {
			isa = PBXGroup;
			children = (
				A84127F71E78B61100C24788 /* ItemCell.swift */,
			);
			path = cells;
			sourceTree = "<group>";
		};
		A84E1CEE1E73560B007FE0E9 /* controllers */ = {
			isa = PBXGroup;
			children = (
				A89EEF431E78C41100CDE038 /* broker */,
				A89EEF461E78C41B00CDE038 /* item */,
				A83DB5DE1E8178C90082BFE7 /* live */,
				A89EEF4B1E78C42600CDE038 /* model */,
				A89EEF501E78C43000CDE038 /* strategy */,
				A89EEF5D1E78C43B00CDE038 /* trade */,
				A8110A451E84809000D5C996 /* misc */,
			);
			path = controllers;
			sourceTree = "<group>";
		};
		A84E1CFD1E73560B007FE0E9 /* factories */ = {
			isa = PBXGroup;
			children = (
				A84E1CFE1E73560B007FE0E9 /* StoryboardFactory.swift */,
			);
			path = factories;
			sourceTree = "<group>";
		};
		A84E1D0E1E73561D007FE0E9 /* lib */ = {
			isa = PBXGroup;
			children = (
				A84E1D0F1E73561D007FE0E9 /* Constants.swift */,
				A84E1D101E73561D007FE0E9 /* Realm.swift */,
				A8F0D6011E7F6D3200EA54BE /* Theme.swift */,
				A84E1D111E73561D007FE0E9 /* Utilities.swift */,
			);
			path = lib;
			sourceTree = "<group>";
		};
		A84E1D121E73561D007FE0E9 /* models */ = {
			isa = PBXGroup;
			children = (
				A84E1D131E73561D007FE0E9 /* Broker.swift */,
				A84E1D141E73561D007FE0E9 /* Strategy.swift */,
				A84E1D151E73561D007FE0E9 /* Trade.swift */,
			);
			path = models;
			sourceTree = "<group>";
		};
		A84E1D161E73561D007FE0E9 /* storyboards */ = {
			isa = PBXGroup;
			children = (
				A889C3701E79C0B8004F3AD7 /* Broker.storyboard */,
				A84E1D171E73561D007FE0E9 /* Help.storyboard */,
				A8C8CEAE1E7353CF00591493 /* LaunchScreen.storyboard */,
				A8C8CEA91E7353CF00591493 /* Main.storyboard */,
				A84E1D181E73561D007FE0E9 /* Splash.storyboard */,
				A84E1D191E73561D007FE0E9 /* Strategy.storyboard */,
			);
			path = storyboards;
			sourceTree = "<group>";
		};
		A89EEF431E78C41100CDE038 /* broker */ = {
			isa = PBXGroup;
			children = (
				A889C36D1E79A43A004F3AD7 /* EditBrokerTableViewController.swift */,
				A89EEF441E78C41100CDE038 /* BrokerController.swift */,
				A889C36C1E79A43A004F3AD7 /* BrokerFormController.swift */,
				A89EEF641E78C4CA00CDE038 /* BrokerTableViewController.swift */,
				A89EEF651E78C4CA00CDE038 /* BrokerTableViewDataSource.swift */,
				A89EEF661E78C4CA00CDE038 /* BrokerTableViewDelegate.swift */,
			);
			path = broker;
			sourceTree = "<group>";
		};
		A89EEF461E78C41B00CDE038 /* item */ = {
			isa = PBXGroup;
			children = (
				A89EEF471E78C41B00CDE038 /* ItemTableViewController.swift */,
				A89EEF481E78C41B00CDE038 /* ItemTableViewDataSource.swift */,
			);
			path = item;
			sourceTree = "<group>";
		};
		A89EEF4B1E78C42600CDE038 /* model */ = {
			isa = PBXGroup;
			children = (
				A89EEF4C1E78C42600CDE038 /* ModelController.swift */,
				A89EEF4D1E78C42600CDE038 /* ModelControllerUtilities.swift */,
			);
			path = model;
			sourceTree = "<group>";
		};
		A89EEF501E78C43000CDE038 /* strategy */ = {
			isa = PBXGroup;
			children = (
				A89EEF511E78C43000CDE038 /* EditStrategyTableViewController.swift */,
				A89EEF521E78C43000CDE038 /* StrategyController.swift */,
				A89EEF531E78C43000CDE038 /* StrategyFormController.swift */,
				A89EEF541E78C43000CDE038 /* StrategyTableViewController.swift */,
				A89EEF551E78C43000CDE038 /* StrategyTableViewDataSource.swift */,
				A89EEF561E78C43000CDE038 /* StrategyTableViewDelegate.swift */,
			);
			path = strategy;
			sourceTree = "<group>";
		};
		A89EEF5D1E78C43B00CDE038 /* trade */ = {
			isa = PBXGroup;
			children = (
				A89EEF5E1E78C43B00CDE038 /* TradeController.swift */,
				A89EEF5F1E78C43B00CDE038 /* TradeFormController.swift */,
				A8110A411E847D9300D5C996 /* TradeFormFieldController.swift */,
				A89EEF601E78C43B00CDE038 /* TradeTableViewController.swift */,
			);
			path = trade;
			sourceTree = "<group>";
		};
		A8C8CE991E7353CF00591493 = {
			isa = PBXGroup;
			children = (
				A8F0D6031E7F850B00EA54BE /* Default-568h@2x.png */,
				A8C8CEA41E7353CF00591493 /* PremiumReturns */,
				A8C8CEB91E7353CF00591493 /* PremiumReturnsTests */,
				A8C8CEC41E7353CF00591493 /* PremiumReturnsUITests */,
				A8C8CEA31E7353CF00591493 /* Products */,
				E7ED3FA78569AE7B0325882F /* Pods */,
				632AE14A76760F55948E1EAC /* Frameworks */,
			);
			sourceTree = "<group>";
		};
		A8C8CEA31E7353CF00591493 /* Products */ = {
			isa = PBXGroup;
			children = (
				A8C8CEA21E7353CF00591493 /* PremiumReturns.app */,
				A8C8CEB61E7353CF00591493 /* PremiumReturnsTests.xctest */,
				A8C8CEC11E7353CF00591493 /* PremiumReturnsUITests.xctest */,
			);
			name = Products;
			sourceTree = "<group>";
		};
		A8C8CEA41E7353CF00591493 /* PremiumReturns */ = {
			isa = PBXGroup;
			children = (
				A8C8CEA51E7353CF00591493 /* AppDelegate.swift */,
				A8DAB5811E79FC7E0044D76C /* Podfile */,
				A84E1D231E735628007FE0E9 /* TastyReturns.playground */,
				A8C8CEAC1E7353CF00591493 /* Assets.xcassets */,
				A8C8CEB11E7353CF00591493 /* Info.plist */,
				A84127F41E78B5AA00C24788 /* cells */,
				A84E1CEE1E73560B007FE0E9 /* controllers */,
				A84E1D0E1E73561D007FE0E9 /* lib */,
				A84E1D121E73561D007FE0E9 /* models */,
				A84E1D161E73561D007FE0E9 /* storyboards */,
				A84E1CFD1E73560B007FE0E9 /* factories */,
			);
			path = PremiumReturns;
			sourceTree = "<group>";
		};
		A8C8CEB91E7353CF00591493 /* PremiumReturnsTests */ = {
			isa = PBXGroup;
			children = (
				A8F184AC1E76DB5D0019F04E /* BrokerControllerTests.swift */,
				A85152A61E82DA9A00627DA8 /* BrokerTests.swift */,
				A8F184AD1E76DB5D0019F04E /* CurrencyControllerTests.swift */,
				A874CD581E97E0C3007520F4 /* FormControllerTests.swift */,
				A8F184AE1E76DB5D0019F04E /* ModelControllerTests.swift */,
				A8F184AF1E76DB5D0019F04E /* ModelControllerUtilitiesTests.swift */,
				A8F184B01E76DB5D0019F04E /* StrategyControllerTests.swift */,
				A8F184BA1E76EAB70019F04E /* StrategyTests.swift */,
				A8F184B11E76DB5D0019F04E /* TradeTests.swift */,
				A88F98B01E8081B100A15E17 /* TradeControllerTests.swift */,
				A8F184B21E76DB5D0019F04E /* UtilitiesTests.swift */,
				A8C8CEBC1E7353CF00591493 /* Info.plist */,
			);
			path = PremiumReturnsTests;
			sourceTree = "<group>";
		};
		A8C8CEC41E7353CF00591493 /* PremiumReturnsUITests */ = {
			isa = PBXGroup;
			children = (
				A8C8CEC51E7353CF00591493 /* PremiumReturnsUITests.swift */,
				A8C8CEC71E7353CF00591493 /* Info.plist */,
			);
			path = PremiumReturnsUITests;
			sourceTree = "<group>";
		};
		E7ED3FA78569AE7B0325882F /* Pods */ = {
			isa = PBXGroup;
			children = (
				2822E789C056DED9BC133ABC /* Pods-PremiumReturns.debug.xcconfig */,
				A1BE539EF3A9A4F5A1EF08D7 /* Pods-PremiumReturns.release.xcconfig */,
				E41BD25766C6F8E51B52B16B /* Pods-PremiumReturnsTests.debug.xcconfig */,
				7D575226255B7D793A905837 /* Pods-PremiumReturnsTests.release.xcconfig */,
			);
			name = Pods;
			sourceTree = "<group>";
		};
/* End PBXGroup section */

/* Begin PBXNativeTarget section */
		A8C8CEA11E7353CF00591493 /* PremiumReturns */ = {
			isa = PBXNativeTarget;
			buildConfigurationList = A8C8CECA1E7353CF00591493 /* Build configuration list for PBXNativeTarget "PremiumReturns" */;
			buildPhases = (
				172558EB234D6E9954DD9698 /* [CP] Check Pods Manifest.lock */,
				A8C8CE9E1E7353CF00591493 /* Sources */,
				A8C8CE9F1E7353CF00591493 /* Frameworks */,
				A8C8CEA01E7353CF00591493 /* Resources */,
				249F5156A8A5453BA9657915 /* [CP] Embed Pods Frameworks */,
				A84E1D321E7368F5007FE0E9 /* Embed Frameworks */,
			);
			buildRules = (
			);
			dependencies = (
			);
			name = PremiumReturns;
			productName = PremiumReturns;
			productReference = A8C8CEA21E7353CF00591493 /* PremiumReturns.app */;
			productType = "com.apple.product-type.application";
		};
		A8C8CEB51E7353CF00591493 /* PremiumReturnsTests */ = {
			isa = PBXNativeTarget;
			buildConfigurationList = A8C8CECD1E7353CF00591493 /* Build configuration list for PBXNativeTarget "PremiumReturnsTests" */;
			buildPhases = (
				42E5EA5100A22ED3D710C016 /* [CP] Check Pods Manifest.lock */,
				A8C8CEB21E7353CF00591493 /* Sources */,
				A8C8CEB31E7353CF00591493 /* Frameworks */,
				A8C8CEB41E7353CF00591493 /* Resources */,
			);
			buildRules = (
			);
			dependencies = (
				A8C8CEB81E7353CF00591493 /* PBXTargetDependency */,
			);
			name = PremiumReturnsTests;
			productName = PremiumReturnsTests;
			productReference = A8C8CEB61E7353CF00591493 /* PremiumReturnsTests.xctest */;
			productType = "com.apple.product-type.bundle.unit-test";
		};
		A8C8CEC01E7353CF00591493 /* PremiumReturnsUITests */ = {
			isa = PBXNativeTarget;
			buildConfigurationList = A8C8CED01E7353CF00591493 /* Build configuration list for PBXNativeTarget "PremiumReturnsUITests" */;
			buildPhases = (
				A8C8CEBD1E7353CF00591493 /* Sources */,
				A8C8CEBE1E7353CF00591493 /* Frameworks */,
				A8C8CEBF1E7353CF00591493 /* Resources */,
			);
			buildRules = (
			);
			dependencies = (
				A8C8CEC31E7353CF00591493 /* PBXTargetDependency */,
			);
			name = PremiumReturnsUITests;
			productName = PremiumReturnsUITests;
			productReference = A8C8CEC11E7353CF00591493 /* PremiumReturnsUITests.xctest */;
			productType = "com.apple.product-type.bundle.ui-testing";
		};
/* End PBXNativeTarget section */

/* Begin PBXProject section */
		A8C8CE9A1E7353CF00591493 /* Project object */ = {
			isa = PBXProject;
			attributes = {
				LastSwiftUpdateCheck = 0820;
				LastUpgradeCheck = 0940;
				ORGANIZATIONNAME = tiguer;
				TargetAttributes = {
					A8C8CEA11E7353CF00591493 = {
						CreatedOnToolsVersion = 8.2.1;
						DevelopmentTeam = 462PHCYTGY;
						LastSwiftMigration = 0940;
						ProvisioningStyle = Automatic;
					};
					A8C8CEB51E7353CF00591493 = {
						CreatedOnToolsVersion = 8.2.1;
						DevelopmentTeam = 462PHCYTGY;
						LastSwiftMigration = 0940;
						ProvisioningStyle = Automatic;
						TestTargetID = A8C8CEA11E7353CF00591493;
					};
					A8C8CEC01E7353CF00591493 = {
						CreatedOnToolsVersion = 8.2.1;
						DevelopmentTeam = 462PHCYTGY;
						LastSwiftMigration = 0940;
						ProvisioningStyle = Automatic;
						TestTargetID = A8C8CEA11E7353CF00591493;
					};
				};
			};
			buildConfigurationList = A8C8CE9D1E7353CF00591493 /* Build configuration list for PBXProject "PremiumReturns" */;
			compatibilityVersion = "Xcode 3.2";
			developmentRegion = English;
			hasScannedForEncodings = 0;
			knownRegions = (
				en,
				Base,
			);
			mainGroup = A8C8CE991E7353CF00591493;
			productRefGroup = A8C8CEA31E7353CF00591493 /* Products */;
			projectDirPath = "";
			projectRoot = "";
			targets = (
				A8C8CEA11E7353CF00591493 /* PremiumReturns */,
				A8C8CEB51E7353CF00591493 /* PremiumReturnsTests */,
				A8C8CEC01E7353CF00591493 /* PremiumReturnsUITests */,
			);
		};
/* End PBXProject section */

/* Begin PBXResourcesBuildPhase section */
		A8C8CEA01E7353CF00591493 /* Resources */ = {
			isa = PBXResourcesBuildPhase;
			buildActionMask = 2147483647;
			files = (
				A889C3711E79C0B8004F3AD7 /* Broker.storyboard in Resources */,
				A8C8CEB01E7353CF00591493 /* LaunchScreen.storyboard in Resources */,
				A8F0D6041E7F850B00EA54BE /* Default-568h@2x.png in Resources */,
				A8DAB5821E79FC7E0044D76C /* Podfile in Resources */,
				A8C8CEAD1E7353CF00591493 /* Assets.xcassets in Resources */,
				A8C8CEAB1E7353CF00591493 /* Main.storyboard in Resources */,
				A84E1D211E73561D007FE0E9 /* Splash.storyboard in Resources */,
				A84E1D201E73561D007FE0E9 /* Help.storyboard in Resources */,
				A84E1D221E73561D007FE0E9 /* Strategy.storyboard in Resources */,
			);
			runOnlyForDeploymentPostprocessing = 0;
		};
		A8C8CEB41E7353CF00591493 /* Resources */ = {
			isa = PBXResourcesBuildPhase;
			buildActionMask = 2147483647;
			files = (
			);
			runOnlyForDeploymentPostprocessing = 0;
		};
		A8C8CEBF1E7353CF00591493 /* Resources */ = {
			isa = PBXResourcesBuildPhase;
			buildActionMask = 2147483647;
			files = (
			);
			runOnlyForDeploymentPostprocessing = 0;
		};
/* End PBXResourcesBuildPhase section */

/* Begin PBXShellScriptBuildPhase section */
		172558EB234D6E9954DD9698 /* [CP] Check Pods Manifest.lock */ = {
			isa = PBXShellScriptBuildPhase;
			buildActionMask = 2147483647;
			files = (
			);
			inputPaths = (
				"${PODS_PODFILE_DIR_PATH}/Podfile.lock",
				"${PODS_ROOT}/Manifest.lock",
			);
			name = "[CP] Check Pods Manifest.lock";
			outputPaths = (
				"$(DERIVED_FILE_DIR)/Pods-PremiumReturns-checkManifestLockResult.txt",
			);
			runOnlyForDeploymentPostprocessing = 0;
			shellPath = /bin/sh;
			shellScript = "diff \"${PODS_PODFILE_DIR_PATH}/Podfile.lock\" \"${PODS_ROOT}/Manifest.lock\" > /dev/null\nif [ $? != 0 ] ; then\n    # print error to STDERR\n    echo \"error: The sandbox is not in sync with the Podfile.lock. Run 'pod install' or update your CocoaPods installation.\" >&2\n    exit 1\nfi\n# This output is used by Xcode 'outputs' to avoid re-running this script phase.\necho \"SUCCESS\" > \"${SCRIPT_OUTPUT_FILE_0}\"\n";
			showEnvVarsInLog = 0;
		};
		249F5156A8A5453BA9657915 /* [CP] Embed Pods Frameworks */ = {
			isa = PBXShellScriptBuildPhase;
			buildActionMask = 2147483647;
			files = (
			);
			inputPaths = (
				"${SRCROOT}/Pods/Target Support Files/Pods-PremiumReturns/Pods-PremiumReturns-frameworks.sh",
				"${BUILT_PRODUCTS_DIR}/ChameleonFramework/ChameleonFramework.framework",
				"${BUILT_PRODUCTS_DIR}/Dwifft/Dwifft.framework",
				"${BUILT_PRODUCTS_DIR}/Eureka/Eureka.framework",
				"${BUILT_PRODUCTS_DIR}/Realm/Realm.framework",
				"${BUILT_PRODUCTS_DIR}/RealmSwift/RealmSwift.framework",
				"${BUILT_PRODUCTS_DIR}/SwiftyUserDefaults/SwiftyUserDefaults.framework",
			);
			name = "[CP] Embed Pods Frameworks";
			outputPaths = (
				"${TARGET_BUILD_DIR}/${FRAMEWORKS_FOLDER_PATH}/ChameleonFramework.framework",
				"${TARGET_BUILD_DIR}/${FRAMEWORKS_FOLDER_PATH}/Dwifft.framework",
				"${TARGET_BUILD_DIR}/${FRAMEWORKS_FOLDER_PATH}/Eureka.framework",
				"${TARGET_BUILD_DIR}/${FRAMEWORKS_FOLDER_PATH}/Realm.framework",
				"${TARGET_BUILD_DIR}/${FRAMEWORKS_FOLDER_PATH}/RealmSwift.framework",
				"${TARGET_BUILD_DIR}/${FRAMEWORKS_FOLDER_PATH}/SwiftyUserDefaults.framework",
			);
			runOnlyForDeploymentPostprocessing = 0;
			shellPath = /bin/sh;
			shellScript = "\"${SRCROOT}/Pods/Target Support Files/Pods-PremiumReturns/Pods-PremiumReturns-frameworks.sh\"\n";
			showEnvVarsInLog = 0;
		};
		42E5EA5100A22ED3D710C016 /* [CP] Check Pods Manifest.lock */ = {
			isa = PBXShellScriptBuildPhase;
			buildActionMask = 2147483647;
			files = (
			);
			inputPaths = (
				"${PODS_PODFILE_DIR_PATH}/Podfile.lock",
				"${PODS_ROOT}/Manifest.lock",
			);
			name = "[CP] Check Pods Manifest.lock";
			outputPaths = (
				"$(DERIVED_FILE_DIR)/Pods-PremiumReturnsTests-checkManifestLockResult.txt",
			);
			runOnlyForDeploymentPostprocessing = 0;
			shellPath = /bin/sh;
			shellScript = "diff \"${PODS_PODFILE_DIR_PATH}/Podfile.lock\" \"${PODS_ROOT}/Manifest.lock\" > /dev/null\nif [ $? != 0 ] ; then\n    # print error to STDERR\n    echo \"error: The sandbox is not in sync with the Podfile.lock. Run 'pod install' or update your CocoaPods installation.\" >&2\n    exit 1\nfi\n# This output is used by Xcode 'outputs' to avoid re-running this script phase.\necho \"SUCCESS\" > \"${SCRIPT_OUTPUT_FILE_0}\"\n";
			showEnvVarsInLog = 0;
		};
/* End PBXShellScriptBuildPhase section */

/* Begin PBXSourcesBuildPhase section */
		A8C8CE9E1E7353CF00591493 /* Sources */ = {
			isa = PBXSourcesBuildPhase;
			buildActionMask = 2147483647;
			files = (
				A89EEF631E78C43B00CDE038 /* TradeTableViewController.swift in Sources */,
				A89EEF621E78C43B00CDE038 /* TradeFormController.swift in Sources */,
				A89EEF591E78C43000CDE038 /* StrategyFormController.swift in Sources */,
				A84E1D1A1E73561D007FE0E9 /* Constants.swift in Sources */,
				A84E1D031E73560B007FE0E9 /* HelpViewController.swift in Sources */,
				A84127F81E78B61100C24788 /* ItemCell.swift in Sources */,
				A89EEF4E1E78C42600CDE038 /* ModelController.swift in Sources */,
				A84E1D0D1E73560B007FE0E9 /* StoryboardFactory.swift in Sources */,
				A89EEF691E78C4CA00CDE038 /* BrokerTableViewDelegate.swift in Sources */,
				A83DB5E01E8178FD0082BFE7 /* LiveTradeTableViewController.swift in Sources */,
				A8A9A6F81E928E4100152761 /* LiveTradeViewController.swift in Sources */,
				A89EEF4F1E78C42600CDE038 /* ModelControllerUtilities.swift in Sources */,
				A89EEF581E78C43000CDE038 /* StrategyController.swift in Sources */,
				A84E1D061E73560B007FE0E9 /* RoutingController.swift in Sources */,
				A84E1D1D1E73561D007FE0E9 /* Broker.swift in Sources */,
				A89EEF671E78C4CA00CDE038 /* BrokerTableViewController.swift in Sources */,
				A8A9A6FA1E928ED400152761 /* LiveTradeFormController.swift in Sources */,
				A89EEF5A1E78C43000CDE038 /* StrategyTableViewController.swift in Sources */,
				A8C8CEA61E7353CF00591493 /* AppDelegate.swift in Sources */,
				A84E1D1F1E73561D007FE0E9 /* Trade.swift in Sources */,
				A84E1D001E73560B007FE0E9 /* CurrencyController.swift in Sources */,
				A889C36E1E79A43A004F3AD7 /* BrokerFormController.swift in Sources */,
				A84E1D1C1E73561D007FE0E9 /* Utilities.swift in Sources */,
				A89EEF571E78C43000CDE038 /* EditStrategyTableViewController.swift in Sources */,
				A89EEF681E78C4CA00CDE038 /* BrokerTableViewDataSource.swift in Sources */,
				A84E1D021E73560B007FE0E9 /* FormController.swift in Sources */,
				A84E1D1E1E73561D007FE0E9 /* Strategy.swift in Sources */,
				A83DB5E41E817A490082BFE7 /* LiveTradeTableViewDelegate.swift in Sources */,
				A889C36F1E79A43A004F3AD7 /* EditBrokerTableViewController.swift in Sources */,
				A89EEF4A1E78C41B00CDE038 /* ItemTableViewDataSource.swift in Sources */,
				A89EEF451E78C41100CDE038 /* BrokerController.swift in Sources */,
				A8110A421E847D9300D5C996 /* TradeFormFieldController.swift in Sources */,
				A84E1D071E73560B007FE0E9 /* SplashViewController.swift in Sources */,
				A89EEF5C1E78C43000CDE038 /* StrategyTableViewDelegate.swift in Sources */,
				A89EEF491E78C41B00CDE038 /* ItemTableViewController.swift in Sources */,
				A83DB5E21E817A340082BFE7 /* LiveTradeTableViewDataSource.swift in Sources */,
				A84E1D1B1E73561D007FE0E9 /* Realm.swift in Sources */,
				A89EEF611E78C43B00CDE038 /* TradeController.swift in Sources */,
				A89EEF5B1E78C43000CDE038 /* StrategyTableViewDataSource.swift in Sources */,
				A8F0D6021E7F6D3200EA54BE /* Theme.swift in Sources */,
			);
			runOnlyForDeploymentPostprocessing = 0;
		};
		A8C8CEB21E7353CF00591493 /* Sources */ = {
			isa = PBXSourcesBuildPhase;
			buildActionMask = 2147483647;
			files = (
				A8F184B81E76DB5D0019F04E /* TradeTests.swift in Sources */,
				A874CD591E97E0C3007520F4 /* FormControllerTests.swift in Sources */,
				A8F184B41E76DB5D0019F04E /* CurrencyControllerTests.swift in Sources */,
				A8F184B51E76DB5D0019F04E /* ModelControllerTests.swift in Sources */,
				A8F184B91E76DB5D0019F04E /* UtilitiesTests.swift in Sources */,
				A85152A71E82DA9A00627DA8 /* BrokerTests.swift in Sources */,
				A88F98B11E8081B100A15E17 /* TradeControllerTests.swift in Sources */,
				A8F184BB1E76EAB70019F04E /* StrategyTests.swift in Sources */,
				A8F184B61E76DB5D0019F04E /* ModelControllerUtilitiesTests.swift in Sources */,
				A8F184B31E76DB5D0019F04E /* BrokerControllerTests.swift in Sources */,
				A8F184B71E76DB5D0019F04E /* StrategyControllerTests.swift in Sources */,
			);
			runOnlyForDeploymentPostprocessing = 0;
		};
		A8C8CEBD1E7353CF00591493 /* Sources */ = {
			isa = PBXSourcesBuildPhase;
			buildActionMask = 2147483647;
			files = (
				A8C8CEC61E7353CF00591493 /* PremiumReturnsUITests.swift in Sources */,
			);
			runOnlyForDeploymentPostprocessing = 0;
		};
/* End PBXSourcesBuildPhase section */

/* Begin PBXTargetDependency section */
		A8C8CEB81E7353CF00591493 /* PBXTargetDependency */ = {
			isa = PBXTargetDependency;
			target = A8C8CEA11E7353CF00591493 /* PremiumReturns */;
			targetProxy = A8C8CEB71E7353CF00591493 /* PBXContainerItemProxy */;
		};
		A8C8CEC31E7353CF00591493 /* PBXTargetDependency */ = {
			isa = PBXTargetDependency;
			target = A8C8CEA11E7353CF00591493 /* PremiumReturns */;
			targetProxy = A8C8CEC21E7353CF00591493 /* PBXContainerItemProxy */;
		};
/* End PBXTargetDependency section */

/* Begin PBXVariantGroup section */
		A8C8CEA91E7353CF00591493 /* Main.storyboard */ = {
			isa = PBXVariantGroup;
			children = (
				A8C8CEAA1E7353CF00591493 /* Base */,
			);
			name = Main.storyboard;
			path = ..;
			sourceTree = "<group>";
		};
		A8C8CEAE1E7353CF00591493 /* LaunchScreen.storyboard */ = {
			isa = PBXVariantGroup;
			children = (
				A8C8CEAF1E7353CF00591493 /* Base */,
			);
			name = LaunchScreen.storyboard;
			path = ..;
			sourceTree = "<group>";
		};
/* End PBXVariantGroup section */

/* Begin XCBuildConfiguration section */
		A8C8CEC81E7353CF00591493 /* Debug */ = {
			isa = XCBuildConfiguration;
			buildSettings = {
				ALWAYS_SEARCH_USER_PATHS = NO;
				CLANG_ANALYZER_NONNULL = YES;
				CLANG_CXX_LANGUAGE_STANDARD = "gnu++0x";
				CLANG_CXX_LIBRARY = "libc++";
				CLANG_ENABLE_MODULES = YES;
				CLANG_ENABLE_OBJC_ARC = YES;
				CLANG_WARN_BLOCK_CAPTURE_AUTORELEASING = YES;
				CLANG_WARN_BOOL_CONVERSION = YES;
				CLANG_WARN_COMMA = YES;
				CLANG_WARN_CONSTANT_CONVERSION = YES;
				CLANG_WARN_DEPRECATED_OBJC_IMPLEMENTATIONS = YES;
				CLANG_WARN_DIRECT_OBJC_ISA_USAGE = YES_ERROR;
				CLANG_WARN_DOCUMENTATION_COMMENTS = YES;
				CLANG_WARN_EMPTY_BODY = YES;
				CLANG_WARN_ENUM_CONVERSION = YES;
				CLANG_WARN_INFINITE_RECURSION = YES;
				CLANG_WARN_INT_CONVERSION = YES;
				CLANG_WARN_NON_LITERAL_NULL_CONVERSION = YES;
				CLANG_WARN_OBJC_IMPLICIT_RETAIN_SELF = YES;
				CLANG_WARN_OBJC_LITERAL_CONVERSION = YES;
				CLANG_WARN_OBJC_ROOT_CLASS = YES_ERROR;
				CLANG_WARN_RANGE_LOOP_ANALYSIS = YES;
				CLANG_WARN_STRICT_PROTOTYPES = YES;
				CLANG_WARN_SUSPICIOUS_MOVE = YES;
				CLANG_WARN_UNREACHABLE_CODE = YES;
				CLANG_WARN__DUPLICATE_METHOD_MATCH = YES;
				"CODE_SIGN_IDENTITY[sdk=iphoneos*]" = "iPhone Developer";
				COPY_PHASE_STRIP = NO;
				DEBUG_INFORMATION_FORMAT = dwarf;
				ENABLE_STRICT_OBJC_MSGSEND = YES;
				ENABLE_TESTABILITY = YES;
				GCC_C_LANGUAGE_STANDARD = gnu99;
				GCC_DYNAMIC_NO_PIC = NO;
				GCC_NO_COMMON_BLOCKS = YES;
				GCC_OPTIMIZATION_LEVEL = 0;
				GCC_PREPROCESSOR_DEFINITIONS = (
					"DEBUG=1",
					"$(inherited)",
				);
				GCC_WARN_64_TO_32_BIT_CONVERSION = YES;
				GCC_WARN_ABOUT_RETURN_TYPE = YES_ERROR;
				GCC_WARN_UNDECLARED_SELECTOR = YES;
				GCC_WARN_UNINITIALIZED_AUTOS = YES_AGGRESSIVE;
				GCC_WARN_UNUSED_FUNCTION = YES;
				GCC_WARN_UNUSED_VARIABLE = YES;
				IPHONEOS_DEPLOYMENT_TARGET = 11.1;
				MTL_ENABLE_DEBUG_INFO = YES;
				ONLY_ACTIVE_ARCH = YES;
				SDKROOT = iphoneos;
				SWIFT_ACTIVE_COMPILATION_CONDITIONS = DEBUG;
				SWIFT_OPTIMIZATION_LEVEL = "-Onone";
			};
			name = Debug;
		};
		A8C8CEC91E7353CF00591493 /* Release */ = {
			isa = XCBuildConfiguration;
			buildSettings = {
				ALWAYS_SEARCH_USER_PATHS = NO;
				CLANG_ANALYZER_NONNULL = YES;
				CLANG_CXX_LANGUAGE_STANDARD = "gnu++0x";
				CLANG_CXX_LIBRARY = "libc++";
				CLANG_ENABLE_MODULES = YES;
				CLANG_ENABLE_OBJC_ARC = YES;
				CLANG_WARN_BLOCK_CAPTURE_AUTORELEASING = YES;
				CLANG_WARN_BOOL_CONVERSION = YES;
				CLANG_WARN_COMMA = YES;
				CLANG_WARN_CONSTANT_CONVERSION = YES;
				CLANG_WARN_DEPRECATED_OBJC_IMPLEMENTATIONS = YES;
				CLANG_WARN_DIRECT_OBJC_ISA_USAGE = YES_ERROR;
				CLANG_WARN_DOCUMENTATION_COMMENTS = YES;
				CLANG_WARN_EMPTY_BODY = YES;
				CLANG_WARN_ENUM_CONVERSION = YES;
				CLANG_WARN_INFINITE_RECURSION = YES;
				CLANG_WARN_INT_CONVERSION = YES;
				CLANG_WARN_NON_LITERAL_NULL_CONVERSION = YES;
				CLANG_WARN_OBJC_IMPLICIT_RETAIN_SELF = YES;
				CLANG_WARN_OBJC_LITERAL_CONVERSION = YES;
				CLANG_WARN_OBJC_ROOT_CLASS = YES_ERROR;
				CLANG_WARN_RANGE_LOOP_ANALYSIS = YES;
				CLANG_WARN_STRICT_PROTOTYPES = YES;
				CLANG_WARN_SUSPICIOUS_MOVE = YES;
				CLANG_WARN_UNREACHABLE_CODE = YES;
				CLANG_WARN__DUPLICATE_METHOD_MATCH = YES;
				"CODE_SIGN_IDENTITY[sdk=iphoneos*]" = "iPhone Developer";
				COPY_PHASE_STRIP = NO;
				DEBUG_INFORMATION_FORMAT = "dwarf-with-dsym";
				ENABLE_NS_ASSERTIONS = NO;
				ENABLE_STRICT_OBJC_MSGSEND = YES;
				GCC_C_LANGUAGE_STANDARD = gnu99;
				GCC_NO_COMMON_BLOCKS = YES;
				GCC_WARN_64_TO_32_BIT_CONVERSION = YES;
				GCC_WARN_ABOUT_RETURN_TYPE = YES_ERROR;
				GCC_WARN_UNDECLARED_SELECTOR = YES;
				GCC_WARN_UNINITIALIZED_AUTOS = YES_AGGRESSIVE;
				GCC_WARN_UNUSED_FUNCTION = YES;
				GCC_WARN_UNUSED_VARIABLE = YES;
				IPHONEOS_DEPLOYMENT_TARGET = 11.1;
				MTL_ENABLE_DEBUG_INFO = NO;
				SDKROOT = iphoneos;
				SWIFT_OPTIMIZATION_LEVEL = "-Owholemodule";
				VALIDATE_PRODUCT = YES;
			};
			name = Release;
		};
		A8C8CECB1E7353CF00591493 /* Debug */ = {
			isa = XCBuildConfiguration;
			baseConfigurationReference = 2822E789C056DED9BC133ABC /* Pods-PremiumReturns.debug.xcconfig */;
			buildSettings = {
				ASSETCATALOG_COMPILER_APPICON_NAME = AppIcon;
				DEVELOPMENT_TEAM = 462PHCYTGY;
				FRAMEWORK_SEARCH_PATHS = (
					"$(inherited)",
					"$(PROJECT_DIR)",
				);
				INFOPLIST_FILE = PremiumReturns/Info.plist;
				LD_RUNPATH_SEARCH_PATHS = "$(inherited) @executable_path/Frameworks";
				PRODUCT_BUNDLE_IDENTIFIER = com.tiguer.PremiumReturns;
				PRODUCT_NAME = "$(TARGET_NAME)";
				SWIFT_SWIFT3_OBJC_INFERENCE = On;
				SWIFT_VERSION = 4.0;
			};
			name = Debug;
		};
		A8C8CECC1E7353CF00591493 /* Release */ = {
			isa = XCBuildConfiguration;
			baseConfigurationReference = A1BE539EF3A9A4F5A1EF08D7 /* Pods-PremiumReturns.release.xcconfig */;
			buildSettings = {
				ASSETCATALOG_COMPILER_APPICON_NAME = AppIcon;
				DEVELOPMENT_TEAM = 462PHCYTGY;
				FRAMEWORK_SEARCH_PATHS = (
					"$(inherited)",
					"$(PROJECT_DIR)",
				);
				INFOPLIST_FILE = PremiumReturns/Info.plist;
				LD_RUNPATH_SEARCH_PATHS = "$(inherited) @executable_path/Frameworks";
				PRODUCT_BUNDLE_IDENTIFIER = com.tiguer.PremiumReturns;
				PRODUCT_NAME = "$(TARGET_NAME)";
				SWIFT_SWIFT3_OBJC_INFERENCE = On;
				SWIFT_VERSION = 4.0;
			};
			name = Release;
		};
		A8C8CECE1E7353CF00591493 /* Debug */ = {
			isa = XCBuildConfiguration;
			baseConfigurationReference = E41BD25766C6F8E51B52B16B /* Pods-PremiumReturnsTests.debug.xcconfig */;
			buildSettings = {
				ALWAYS_EMBED_SWIFT_STANDARD_LIBRARIES = YES;
				BUNDLE_LOADER = "$(TEST_HOST)";
				CLANG_ENABLE_MODULES = YES;
				DEVELOPMENT_TEAM = 462PHCYTGY;
				FRAMEWORK_SEARCH_PATHS = (
					"$(inherited)",
					"$(PROJECT_DIR)",
				);
				INFOPLIST_FILE = PremiumReturnsTests/Info.plist;
				LD_RUNPATH_SEARCH_PATHS = "$(inherited) @executable_path/Frameworks @loader_path/Frameworks";
				PRODUCT_BUNDLE_IDENTIFIER = com.tiguer.PremiumReturnsTests;
				PRODUCT_NAME = "$(TARGET_NAME)";
				SWIFT_OPTIMIZATION_LEVEL = "-Onone";
				SWIFT_SWIFT3_OBJC_INFERENCE = On;
				SWIFT_VERSION = 4.0;
				TEST_HOST = "$(BUILT_PRODUCTS_DIR)/PremiumReturns.app/PremiumReturns";
			};
			name = Debug;
		};
		A8C8CECF1E7353CF00591493 /* Release */ = {
			isa = XCBuildConfiguration;
			baseConfigurationReference = 7D575226255B7D793A905837 /* Pods-PremiumReturnsTests.release.xcconfig */;
			buildSettings = {
				ALWAYS_EMBED_SWIFT_STANDARD_LIBRARIES = YES;
				BUNDLE_LOADER = "$(TEST_HOST)";
				CLANG_ENABLE_MODULES = YES;
				DEVELOPMENT_TEAM = 462PHCYTGY;
				FRAMEWORK_SEARCH_PATHS = (
					"$(inherited)",
					"$(PROJECT_DIR)",
				);
				INFOPLIST_FILE = PremiumReturnsTests/Info.plist;
				LD_RUNPATH_SEARCH_PATHS = "$(inherited) @executable_path/Frameworks @loader_path/Frameworks";
				PRODUCT_BUNDLE_IDENTIFIER = com.tiguer.PremiumReturnsTests;
				PRODUCT_NAME = "$(TARGET_NAME)";
				SWIFT_SWIFT3_OBJC_INFERENCE = On;
				SWIFT_VERSION = 4.0;
				TEST_HOST = "$(BUILT_PRODUCTS_DIR)/PremiumReturns.app/PremiumReturns";
			};
			name = Release;
		};
		A8C8CED11E7353CF00591493 /* Debug */ = {
			isa = XCBuildConfiguration;
			buildSettings = {
				ALWAYS_EMBED_SWIFT_STANDARD_LIBRARIES = YES;
				DEVELOPMENT_TEAM = 462PHCYTGY;
				FRAMEWORK_SEARCH_PATHS = (
					"$(inherited)",
					"$(PROJECT_DIR)",
				);
				INFOPLIST_FILE = PremiumReturnsUITests/Info.plist;
				LD_RUNPATH_SEARCH_PATHS = "$(inherited) @executable_path/Frameworks @loader_path/Frameworks";
				PRODUCT_BUNDLE_IDENTIFIER = com.tiguer.PremiumReturnsUITests;
				PRODUCT_NAME = "$(TARGET_NAME)";
				SWIFT_SWIFT3_OBJC_INFERENCE = On;
				SWIFT_VERSION = 4.0;
				TEST_TARGET_NAME = PremiumReturns;
			};
			name = Debug;
		};
		A8C8CED21E7353CF00591493 /* Release */ = {
			isa = XCBuildConfiguration;
			buildSettings = {
				ALWAYS_EMBED_SWIFT_STANDARD_LIBRARIES = YES;
				DEVELOPMENT_TEAM = 462PHCYTGY;
				FRAMEWORK_SEARCH_PATHS = (
					"$(inherited)",
					"$(PROJECT_DIR)",
				);
				INFOPLIST_FILE = PremiumReturnsUITests/Info.plist;
				LD_RUNPATH_SEARCH_PATHS = "$(inherited) @executable_path/Frameworks @loader_path/Frameworks";
				PRODUCT_BUNDLE_IDENTIFIER = com.tiguer.PremiumReturnsUITests;
				PRODUCT_NAME = "$(TARGET_NAME)";
				SWIFT_SWIFT3_OBJC_INFERENCE = On;
				SWIFT_VERSION = 4.0;
				TEST_TARGET_NAME = PremiumReturns;
			};
			name = Release;
		};
/* End XCBuildConfiguration section */

/* Begin XCConfigurationList section */
		A8C8CE9D1E7353CF00591493 /* Build configuration list for PBXProject "PremiumReturns" */ = {
			isa = XCConfigurationList;
			buildConfigurations = (
				A8C8CEC81E7353CF00591493 /* Debug */,
				A8C8CEC91E7353CF00591493 /* Release */,
			);
			defaultConfigurationIsVisible = 0;
			defaultConfigurationName = Release;
		};
		A8C8CECA1E7353CF00591493 /* Build configuration list for PBXNativeTarget "PremiumReturns" */ = {
			isa = XCConfigurationList;
			buildConfigurations = (
				A8C8CECB1E7353CF00591493 /* Debug */,
				A8C8CECC1E7353CF00591493 /* Release */,
			);
			defaultConfigurationIsVisible = 0;
			defaultConfigurationName = Release;
		};
		A8C8CECD1E7353CF00591493 /* Build configuration list for PBXNativeTarget "PremiumReturnsTests" */ = {
			isa = XCConfigurationList;
			buildConfigurations = (
				A8C8CECE1E7353CF00591493 /* Debug */,
				A8C8CECF1E7353CF00591493 /* Release */,
			);
			defaultConfigurationIsVisible = 0;
			defaultConfigurationName = Release;
		};
		A8C8CED01E7353CF00591493 /* Build configuration list for PBXNativeTarget "PremiumReturnsUITests" */ = {
			isa = XCConfigurationList;
			buildConfigurations = (
				A8C8CED11E7353CF00591493 /* Debug */,
				A8C8CED21E7353CF00591493 /* Release */,
			);
			defaultConfigurationIsVisible = 0;
			defaultConfigurationName = Release;
		};
/* End XCConfigurationList section */
	};
	rootObject = A8C8CE9A1E7353CF00591493 /* Project object */;
}
